
Microsoft Visual Studio Solution File, Format Version 12.00
# Visual Studio Version 16
VisualStudioVersion = 16.0.30225.117
MinimumVisualStudioVersion = 10.0.40219.1
Project("{FAE04EC0-301F-11D3-BF4B-00C04F79EFBC}") = "RPSLSProj", "RPSLSProj.csproj", "{C24B4DF6-A814-4E4C-8C60-BCF9B2A4DCF4}"
EndProject
Global
	GlobalSection(SolutionConfigurationPlatforms) = preSolution
		Debug|Any CPU = Debug|Any CPU
		Release|Any CPU = Release|Any CPU
	EndGlobalSection
	GlobalSection(ProjectConfigurationPlatforms) = postSolution
		{C24B4DF6-A814-4E4C-8C60-BCF9B2A4DCF4}.Debug|Any CPU.ActiveCfg = Debug|Any CPU
		{C24B4DF6-A814-4E4C-8C60-BCF9B2A4DCF4}.Debug|Any CPU.Build.0 = Debug|Any CPU
		{C24B4DF6-A814-4E4C-8C60-BCF9B2A4DCF4}.Release|Any CPU.ActiveCfg = Release|Any CPU
		{C24B4DF6-A814-4E4C-8C60-BCF9B2A4DCF4}.Release|Any CPU.Build.0 = Release|Any CPU
	EndGlobalSection
	GlobalSection(SolutionProperties) = preSolution
		HideSolutionNode = FALSE
	EndGlobalSection
	GlobalSection(ExtensibilityGlobals) = postSolution
		SolutionGuid = {81DE2A80-3AFD-4ACC-A4BB-2C64B7652B2E}
	EndGlobalSection
EndGlobal
